// !$*UTF8*$!
{
	archiveVersion = 1;
	classes = {
	};
	objectVersion = 48;
	objects = {

/* Begin PBXBuildFile section */
		AEB43DBE1F7D666E00DD35CA /* AppDelegate.swift in Sources */ = {isa = PBXBuildFile; fileRef = AEB43DBD1F7D666E00DD35CA /* AppDelegate.swift */; };
		AEB43DC01F7D666E00DD35CA /* ViewController.swift in Sources */ = {isa = PBXBuildFile; fileRef = AEB43DBF1F7D666E00DD35CA /* ViewController.swift */; };
		AEB43DC31F7D666E00DD35CA /* Main.storyboard in Resources */ = {isa = PBXBuildFile; fileRef = AEB43DC11F7D666E00DD35CA /* Main.storyboard */; };
		AEB43DC51F7D666E00DD35CA /* Assets.xcassets in Resources */ = {isa = PBXBuildFile; fileRef = AEB43DC41F7D666E00DD35CA /* Assets.xcassets */; };
		AEB43DC81F7D666E00DD35CA /* LaunchScreen.storyboard in Resources */ = {isa = PBXBuildFile; fileRef = AEB43DC61F7D666E00DD35CA /* LaunchScreen.storyboard */; };
/* End PBXBuildFile section */

/* Begin PBXFileReference section */
		AEB43DBA1F7D666D00DD35CA /* Snap Share.app */ = {isa = PBXFileReference; explicitFileType = wrapper.application; includeInIndex = 0; path = "Snap Share.app"; sourceTree = BUILT_PRODUCTS_DIR; };
		AEB43DBD1F7D666E00DD35CA /* AppDelegate.swift */ = {isa = PBXFileReference; lastKnownFileType = sourcecode.swift; path = AppDelegate.swift; sourceTree = "<group>"; };
		AEB43DBF1F7D666E00DD35CA /* ViewController.swift */ = {isa = PBXFileReference; lastKnownFileType = sourcecode.swift; path = ViewController.swift; sourceTree = "<group>"; };
		AEB43DC21F7D666E00DD35CA /* Base */ = {isa = PBXFileReference; lastKnownFileType = file.storyboard; name = Base; path = Base.lproj/Main.storyboard; sourceTree = "<group>"; };
		AEB43DC41F7D666E00DD35CA /* Assets.xcassets */ = {isa = PBXFileReference; lastKnownFileType = folder.assetcatalog; path = Assets.xcassets; sourceTree = "<group>"; };
		AEB43DC71F7D666E00DD35CA /* Base */ = {isa = PBXFileReference; lastKnownFileType = file.storyboard; name = Base; path = Base.lproj/LaunchScreen.storyboard; sourceTree = "<group>"; };
		AEB43DC91F7D666E00DD35CA /* Info.plist */ = {isa = PBXFileReference; lastKnownFileType = text.plist.xml; path = Info.plist; sourceTree = "<group>"; };
/* End PBXFileReference section */

/* Begin PBXFrameworksBuildPhase section */
		AEB43DB71F7D666D00DD35CA /* Frameworks */ = {
			isa = PBXFrameworksBuildPhase;
			buildActionMask = 2147483647;
			files = (
			);
			runOnlyForDeploymentPostprocessing = 0;
		};
/* End PBXFrameworksBuildPhase section */

/* Begin PBXGroup section */
		AEB43DB11F7D666D00DD35CA = {
			isa = PBXGroup;
			children = (
				AEB43DBC1F7D666D00DD35CA /* Snap Share */,
				AEB43DBB1F7D666D00DD35CA /* Products */,
			);
			sourceTree = "<group>";
		};
		AEB43DBB1F7D666D00DD35CA /* Products */ = {
			isa = PBXGroup;
			children = (
				AEB43DBA1F7D666D00DD35CA /* Snap Share.app */,
			);
			name = Products;
			sourceTree = "<group>";
		};
		AEB43DBC1F7D666D00DD35CA /* Snap Share */ = {
			isa = PBXGroup;
			children = (
				AEB43DBD1F7D666E00DD35CA /* AppDelegate.swift */,
				AEB43DBF1F7D666E00DD35CA /* ViewController.swift */,
				AEB43DC11F7D666E00DD35CA /* Main.storyboard */,
				AEB43DC41F7D666E00DD35CA /* Assets.xcassets */,
				AEB43DC61F7D666E00DD35CA /* LaunchScreen.storyboard */,
				AEB43DC91F7D666E00DD35CA /* Info.plist */,
			);
			path = "Snap Share";
			sourceTree = "<group>";
		};
/* End PBXGroup section */

/* Begin PBXNativeTarget section */
		AEB43DB91F7D666D00DD35CA /* Snap Share */ = {
			isa = PBXNativeTarget;
			buildConfigurationList = AEB43DCC1F7D666E00DD35CA /* Build configuration list for PBXNativeTarget "Snap Share" */;
			buildPhases = (
				AEB43DB61F7D666D00DD35CA /* Sources */,
				AEB43DB71F7D666D00DD35CA /* Frameworks */,
				AEB43DB81F7D666D00DD35CA /* Resources */,
			);
			buildRules = (
			);
			dependencies = (
			);
			name = "Snap Share";
			productName = "Snap Share";
			productReference = AEB43DBA1F7D666D00DD35CA /* Snap Share.app */;
			productType = "com.apple.product-type.application";
		};
/* End PBXNativeTarget section */

/* Begin PBXProject section */
		AEB43DB21F7D666D00DD35CA /* Project object */ = {
			isa = PBXProject;
			attributes = {
				LastSwiftUpdateCheck = 0900;
				LastUpgradeCheck = 0900;
				ORGANIZATIONNAME = "Zephyr Technology";
				TargetAttributes = {
					AEB43DB91F7D666D00DD35CA = {
						CreatedOnToolsVersion = 9.0;
						ProvisioningStyle = Automatic;
					};
				};
			};
			buildConfigurationList = AEB43DB51F7D666D00DD35CA /* Build configuration list for PBXProject "Snap Share" */;
			compatibilityVersion = "Xcode 8.0";
			developmentRegion = en;
			hasScannedForEncodings = 0;
			knownRegions = (
				en,
				Base,
			);
			mainGroup = AEB43DB11F7D666D00DD35CA;
			productRefGroup = AEB43DBB1F7D666D00DD35CA /* Products */;
			projectDirPath = "";
			projectRoot = "";
			targets = (
				AEB43DB91F7D666D00DD35CA /* Snap Share */,
			);
		};
/* End PBXProject section */

/* Begin PBXResourcesBuildPhase section */
		AEB43DB81F7D666D00DD35CA /* Resources */ = {
			isa = PBXResourcesBuildPhase;
			buildActionMask = 2147483647;
			files = (
				AEB43DC81F7D666E00DD35CA /* LaunchScreen.storyboard in Resources */,
				AEB43DC51F7D666E00DD35CA /* Assets.xcassets in Resources */,
				AEB43DC31F7D666E00DD35CA /* Main.storyboard in Resources */,
			);
			runOnlyForDeploymentPostprocessing = 0;
		};
/* End PBXResourcesBuildPhase section */

/* Begin PBXSourcesBuildPhase section */
		AEB43DB61F7D666D00DD35CA /* Sources */ = {
			isa = PBXSourcesBuildPhase;
			buildActionMask = 2147483647;
			files = (
				AEB43DC01F7D666E00DD35CA /* ViewController.swift in Sources */,
				AEB43DBE1F7D666E00DD35CA /* AppDelegate.swift in Sources */,
			);
			runOnlyForDeploymentPostprocessing = 0;
		};
/* End PBXSourcesBuildPhase section */

/* Begin PBXVariantGroup section */
		AEB43DC11F7D666E00DD35CA /* Main.storyboard */ = {
			isa = PBXVariantGroup;
			children = (
				AEB43DC21F7D666E00DD35CA /* Base */,
			);
			name = Main.storyboard;
			sourceTree = "<group>";
		};
		AEB43DC61F7D666E00DD35CA /* LaunchScreen.storyboard */ = {
			isa = PBXVariantGroup;
			children = (
				AEB43DC71F7D666E00DD35CA /* Base */,
			);
			name = LaunchScreen.storyboard;
			sourceTree = "<group>";
		};
/* End PBXVariantGroup section */

/* Begin XCBuildConfiguration section */
		AEB43DCA1F7D666E00DD35CA /* Debug */ = {
			isa = XCBuildConfiguration;
			buildSettings = {
				ALWAYS_SEARCH_USER_PATHS = NO;
				CLANG_ANALYZER_NONNULL = YES;
				CLANG_ANALYZER_NUMBER_OBJECT_CONVERSION = YES_AGGRESSIVE;
				CLANG_CXX_LANGUAGE_STANDARD = "gnu++14";
				CLANG_CXX_LIBRARY = "libc++";
				CLANG_ENABLE_MODULES = YES;
				CLANG_ENABLE_OBJC_ARC = YES;
				CLANG_WARN_BLOCK_CAPTURE_AUTORELEASING = YES;
				CLANG_WARN_BOOL_CONVERSION = YES;
				CLANG_WARN_COMMA = YES;
				CLANG_WARN_CONSTANT_CONVERSION = YES;
				CLANG_WARN_DIRECT_OBJC_ISA_USAGE = YES_ERROR;
				CLANG_WARN_DOCUMENTATION_COMMENTS = YES;
				CLANG_WARN_EMPTY_BODY = YES;
				CLANG_WARN_ENUM_CONVERSION = YES;
				CLANG_WARN_INFINITE_RECURSION = YES;
				CLANG_WARN_INT_CONVERSION = YES;
				CLANG_WARN_NON_LITERAL_NULL_CONVERSION = YES;
				CLANG_WARN_OBJC_LITERAL_CONVERSION = YES;
				CLANG_WARN_OBJC_ROOT_CLASS = YES_ERROR;
				CLANG_WARN_RANGE_LOOP_ANALYSIS = YES;
				CLANG_WARN_STRICT_PROTOTYPES = YES;
				CLANG_WARN_SUSPICIOUS_MOVE = YES;
				CLANG_WARN_UNGUARDED_AVAILABILITY = YES_AGGRESSIVE;
				CLANG_WARN_UNREACHABLE_CODE = YES;
				CLANG_WARN__DUPLICATE_METHOD_MATCH = YES;
				CODE_SIGN_IDENTITY = "iPhone Developer";
				COPY_PHASE_STRIP = NO;
				DEBUG_INFORMATION_FORMAT = dwarf;
				ENABLE_STRICT_OBJC_MSGSEND = YES;
				ENABLE_TESTABILITY = YES;
				GCC_C_LANGUAGE_STANDARD = gnu11;
				GCC_DYNAMIC_NO_PIC = NO;
				GCC_NO_COMMON_BLOCKS = YES;
				GCC_OPTIMIZATION_LEVEL = 0;
				GCC_PREPROCESSOR_DEFINITIONS = (
					"DEBUG=1",
					"$(inherited)",
				);
				GCC_WARN_64_TO_32_BIT_CONVERSION = YES;
				GCC_WARN_ABOUT_RETURN_TYPE = YES_ERROR;
				GCC_WARN_UNDECLARED_SELECTOR = YES;
				GCC_WARN_UNINITIALIZED_AUTOS = YES_AGGRESSIVE;
				GCC_WARN_UNUSED_FUNCTION = YES;
				GCC_WARN_UNUSED_VARIABLE = YES;
				IPHONEOS_DEPLOYMENT_TARGET = 11.0;
				MTL_ENABLE_DEBUG_INFO = YES;
				ONLY_ACTIVE_ARCH = YES;
				SDKROOT = iphoneos;
				SWIFT_ACTIVE_COMPILATION_CONDITIONS = DEBUG;
				SWIFT_OPTIMIZATION_LEVEL = "-Onone";
			};
			name = Debug;
		};
		AEB43DCB1F7D666E00DD35CA /* Release */ = {
			isa = XCBuildConfiguration;
			buildSettings = {
				ALWAYS_SEARCH_USER_PATHS = NO;
				CLANG_ANALYZER_NONNULL = YES;
				CLANG_ANALYZER_NUMBER_OBJECT_CONVERSION = YES_AGGRESSIVE;
				CLANG_CXX_LANGUAGE_STANDARD = "gnu++14";
				CLANG_CXX_LIBRARY = "libc++";
				CLANG_ENABLE_MODULES = YES;
				CLANG_ENABLE_OBJC_ARC = YES;
				CLANG_WARN_BLOCK_CAPTURE_AUTORELEASING = YES;
				CLANG_WARN_BOOL_CONVERSION = YES;
				CLANG_WARN_COMMA = YES;
				CLANG_WARN_CONSTANT_CONVERSION = YES;
				CLANG_WARN_DIRECT_OBJC_ISA_USAGE = YES_ERROR;
				CLANG_WARN_DOCUMENTATION_COMMENTS = YES;
				CLANG_WARN_EMPTY_BODY = YES;
				CLANG_WARN_ENUM_CONVERSION = YES;
				CLANG_WARN_INFINITE_RECURSION = YES;
				CLANG_WARN_INT_CONVERSION = YES;
				CLANG_WARN_NON_LITERAL_NULL_CONVERSION = YES;
				CLANG_WARN_OBJC_LITERAL_CONVERSION = YES;
				CLANG_WARN_OBJC_ROOT_CLASS = YES_ERROR;
				CLANG_WARN_RANGE_LOOP_ANALYSIS = YES;
				CLANG_WARN_STRICT_PROTOTYPES = YES;
				CLANG_WARN_SUSPICIOUS_MOVE = YES;
				CLANG_WARN_UNGUARDED_AVAILABILITY = YES_AGGRESSIVE;
				CLANG_WARN_UNREACHABLE_CODE = YES;
				CLANG_WARN__DUPLICATE_METHOD_MATCH = YES;
				CODE_SIGN_IDENTITY = "iPhone Developer";
				COPY_PHASE_STRIP = NO;
				DEBUG_INFORMATION_FORMAT = "dwarf-with-dsym";
				ENABLE_NS_ASSERTIONS = NO;
				ENABLE_STRICT_OBJC_MSGSEND = YES;
				GCC_C_LANGUAGE_STANDARD = gnu11;
				GCC_NO_COMMON_BLOCKS = YES;
				GCC_WARN_64_TO_32_BIT_CONVERSION = YES;
				GCC_WARN_ABOUT_RETURN_TYPE = YES_ERROR;
				GCC_WARN_UNDECLARED_SELECTOR = YES;
				GCC_WARN_UNINITIALIZED_AUTOS = YES_AGGRESSIVE;
				GCC_WARN_UNUSED_FUNCTION = YES;
				GCC_WARN_UNUSED_VARIABLE = YES;
				IPHONEOS_DEPLOYMENT_TARGET = 11.0;
				MTL_ENABLE_DEBUG_INFO = NO;
				SDKROOT = iphoneos;
				SWIFT_OPTIMIZATION_LEVEL = "-Owholemodule";
				VALIDATE_PRODUCT = YES;
			};
			name = Release;
		};
		AEB43DCD1F7D666E00DD35CA /* Debug */ = {
			isa = XCBuildConfiguration;
			buildSettings = {
				ASSETCATALOG_COMPILER_APPICON_NAME = AppIcon;
				CODE_SIGN_STYLE = Automatic;
				DEVELOPMENT_TEAM = BWWRUGX9KF;
				INFOPLIST_FILE = "Snap Share/Info.plist";
				LD_RUNPATH_SEARCH_PATHS = "$(inherited) @executable_path/Frameworks";
				PRODUCT_BUNDLE_IDENTIFIER = "com.zephyrTech.Snap-Share";
				PRODUCT_NAME = "$(TARGET_NAME)";
				SWIFT_VERSION = 4.0;
				TARGETED_DEVICE_FAMILY = "1,2";
			};
			name = Debug;
		};
		AEB43DCE1F7D666E00DD35CA /* Release */ = {
			isa = XCBuildConfiguration;
			buildSettings = {
				ASSETCATALOG_COMPILER_APPICON_NAME = AppIcon;
				CODE_SIGN_STYLE = Automatic;
				DEVELOPMENT_TEAM = BWWRUGX9KF;
				INFOPLIST_FILE = "Snap Share/Info.plist";
				LD_RUNPATH_SEARCH_PATHS = "$(inherited) @executable_path/Frameworks";
				PRODUCT_BUNDLE_IDENTIFIER = "com.zephyrTech.Snap-Share";
				PRODUCT_NAME = "$(TARGET_NAME)";
				SWIFT_VERSION = 4.0;
				TARGETED_DEVICE_FAMILY = "1,2";
			};
			name = Release;
		};
/* End XCBuildConfiguration section */

/* Begin XCConfigurationList section */
		AEB43DB51F7D666D00DD35CA /* Build configuration list for PBXProject "Snap Share" */ = {
			isa = XCConfigurationList;
			buildConfigurations = (
				AEB43DCA1F7D666E00DD35CA /* Debug */,
				AEB43DCB1F7D666E00DD35CA /* Release */,
			);
			defaultConfigurationIsVisible = 0;
			defaultConfigurationName = Release;
		};
		AEB43DCC1F7D666E00DD35CA /* Build configuration list for PBXNativeTarget "Snap Share" */ = {
			isa = XCConfigurationList;
			buildConfigurations = (
				AEB43DCD1F7D666E00DD35CA /* Debug */,
				AEB43DCE1F7D666E00DD35CA /* Release */,
			);
			defaultConfigurationIsVisible = 0;
			defaultConfigurationName = Release;
		};
/* End XCConfigurationList section */
	};
	rootObject = AEB43DB21F7D666D00DD35CA /* Project object */;
}
